
Microsoft Visual Studio Solution File, Format Version 12.00
# Visual Studio Version 17
VisualStudioVersion = 17.3.32929.385
MinimumVisualStudioVersion = 10.0.40219.1
Project("{FAE04EC0-301F-11D3-BF4B-00C04F79EFBC}") = "практическая 12", "практическая 12\практическая 12.csproj", "{7DEA1178-14FD-4BB3-9094-AAFBD6D764D6}"
EndProject
Global
	GlobalSection(SolutionConfigurationPlatforms) = preSolution
		Debug|Any CPU = Debug|Any CPU
		Release|Any CPU = Release|Any CPU
	EndGlobalSection
	GlobalSection(ProjectConfigurationPlatforms) = postSolution
		{7DEA1178-14FD-4BB3-9094-AAFBD6D764D6}.Debug|Any CPU.ActiveCfg = Debug|Any CPU
		{7DEA1178-14FD-4BB3-9094-AAFBD6D764D6}.Debug|Any CPU.Build.0 = Debug|Any CPU
		{7DEA1178-14FD-4BB3-9094-AAFBD6D764D6}.Release|Any CPU.ActiveCfg = Release|Any CPU
		{7DEA1178-14FD-4BB3-9094-AAFBD6D764D6}.Release|Any CPU.Build.0 = Release|Any CPU
	EndGlobalSection
	GlobalSection(SolutionProperties) = preSolution
		HideSolutionNode = FALSE
	EndGlobalSection
	GlobalSection(ExtensibilityGlobals) = postSolution
		SolutionGuid = {189038A1-FDAA-452C-A597-1B0F3AD00596}
	EndGlobalSection
EndGlobal
